<?xml version="1.0" encoding="utf-8"?>
<Project ToolsVersion="4.0" xmlns="http://schemas.microsoft.com/developer/msbuild/2003">
  <ItemGroup>
    <Filter Include="Source Files">
      <UniqueIdentifier>{4FC737F1-C7A5-4376-A066-2A32D752A2FF}</UniqueIdentifier>
      <Extensions>cpp;c;cc;cxx;def;odl;idl;hpj;bat;asm;asmx</Extensions>
    </Filter>
    <Filter Include="Header Files">
      <UniqueIdentifier>{93995380-89BD-4b04-88EB-625FBE52EBFB}</UniqueIdentifier>
      <Extensions>h;hh;hpp;hxx;hm;inl;inc;xsd</Extensions>
    </Filter>
    <Filter Include="Resource Files">
      <UniqueIdentifier>{67DA6AB6-F800-4c08-8B7A-83BB121AAD01}</UniqueIdentifier>
      <Extensions>rc;ico;cur;bmp;dlg;rc2;rct;bin;rgs;gif;jpg;jpeg;jpe;resx;tiff;tif;png;wav</Extensions>
    </Filter>
  </ItemGroup>
  <ItemGroup>
    <ClCompile Include="main.cpp">
      <Filter>Source Files</Filter>
    </ClCompile>
    <ClCompile Include="client\Client.cpp">
      <Filter>Source Files</Filter>
    </ClCompile>
    <ClCompile Include="client\ClientManager.cpp">
      <Filter>Source Files</Filter>
    </ClCompile>
    <ClCompile Include="logger\Logger.cpp">
      <Filter>Source Files</Filter>
    </ClCompile>
    <ClCompile Include="product\Category.cpp">
      <Filter>Source Files</Filter>
    </ClCompile>
    <ClCompile Include="product\Product.cpp">
      <Filter>Source Files</Filter>
    </ClCompile>
    <ClCompile Include="product\ProductManager.cpp">
      <Filter>Source Files</Filter>
    </ClCompile>
    <ClCompile Include="store\Purchase.cpp">
      <Filter>Source Files</Filter>
    </ClCompile>
    <ClCompile Include="store\StockInfo.cpp">
      <Filter>Source Files</Filter>
    </ClCompile>
    <ClCompile Include="store\Store.cpp">
      <Filter>Source Files</Filter>
    </ClCompile>
    <ClCompile Include="store\StoreManager.cpp">
      <Filter>Source Files</Filter>
    </ClCompile>
  </ItemGroup>
  <ItemGroup>
    <ClInclude Include="client\Client.h">
      <Filter>Header Files</Filter>
    </ClInclude>
    <ClInclude Include="client\ClientManager.h">
      <Filter>Header Files</Filter>
    </ClInclude>
    <ClInclude Include="client\Name.h">
      <Filter>Header Files</Filter>
    </ClInclude>
    <ClInclude Include="client\PhoneNumber.h">
      <Filter>Header Files</Filter>
    </ClInclude>
    <ClInclude Include="client\Point.h">
      <Filter>Header Files</Filter>
    </ClInclude>
    <ClInclude Include="database\Constants.h">
      <Filter>Header Files</Filter>
    </ClInclude>
    <ClInclude Include="include\BaseManager.h">
      <Filter>Header Files</Filter>
    </ClInclude>
    <ClInclude Include="include\ViewManager.h">
      <Filter>Header Files</Filter>
    </ClInclude>
    <ClInclude Include="logger\Logger.h">
      <Filter>Header Files</Filter>
    </ClInclude>
    <ClInclude Include="observer\Observer.h">
      <Filter>Header Files</Filter>
    </ClInclude>
    <ClInclude Include="observer\Subject.h">
      <Filter>Header Files</Filter>
    </ClInclude>
    <ClInclude Include="product\Category.h">
      <Filter>Header Files</Filter>
    </ClInclude>
    <ClInclude Include="product\Price.h">
      <Filter>Header Files</Filter>
    </ClInclude>
    <ClInclude Include="product\Product.h">
      <Filter>Header Files</Filter>
    </ClInclude>
    <ClInclude Include="product\ProductManager.h">
      <Filter>Header Files</Filter>
    </ClInclude>
    <ClInclude Include="store\Purchase.h">
      <Filter>Header Files</Filter>
    </ClInclude>
    <ClInclude Include="store\StockInfo.h">
      <Filter>Header Files</Filter>
    </ClInclude>
    <ClInclude Include="store\Store.h">
      <Filter>Header Files</Filter>
    </ClInclude>
    <ClInclude Include="store\StoreManager.h">
      <Filter>Header Files</Filter>
    </ClInclude>
  </ItemGroup>
</Project>