
Microsoft Visual Studio Solution File, Format Version 12.00
# Visual Studio Version 16
VisualStudioVersion = 16.0.34407.143
MinimumVisualStudioVersion = 10.0.40219.1
Project("{8BC9CEB8-8B4A-11D0-8D11-00A0C91BC942}") = "Oliveyoung", "Oliveyoung.vcxproj", "{E8086FE8-0603-46CD-BC8A-5100FA8E3C39}"
EndProject
Global
	GlobalSection(SolutionConfigurationPlatforms) = preSolution
		Debug|x64 = Debug|x64
		Debug|x86 = Debug|x86
		Release|x64 = Release|x64
		Release|x86 = Release|x86
	EndGlobalSection
	GlobalSection(ProjectConfigurationPlatforms) = postSolution
		{E8086FE8-0603-46CD-BC8A-5100FA8E3C39}.Debug|x64.ActiveCfg = Debug|x64
		{E8086FE8-0603-46CD-BC8A-5100FA8E3C39}.Debug|x64.Build.0 = Debug|x64
		{E8086FE8-0603-46CD-BC8A-5100FA8E3C39}.Debug|x86.ActiveCfg = Debug|Win32
		{E8086FE8-0603-46CD-BC8A-5100FA8E3C39}.Debug|x86.Build.0 = Debug|Win32
		{E8086FE8-0603-46CD-BC8A-5100FA8E3C39}.Release|x64.ActiveCfg = Release|x64
		{E8086FE8-0603-46CD-BC8A-5100FA8E3C39}.Release|x64.Build.0 = Release|x64
		{E8086FE8-0603-46CD-BC8A-5100FA8E3C39}.Release|x86.ActiveCfg = Release|Win32
		{E8086FE8-0603-46CD-BC8A-5100FA8E3C39}.Release|x86.Build.0 = Release|Win32
	EndGlobalSection
	GlobalSection(SolutionProperties) = preSolution
		HideSolutionNode = FALSE
	EndGlobalSection
	GlobalSection(ExtensibilityGlobals) = postSolution
		SolutionGuid = {9F8BE1DA-6889-4626-92EA-C85627F52B6E}
	EndGlobalSection
EndGlobal
